
Microsoft Visual Studio Solution File, Format Version 12.00
# Visual Studio Version 17
VisualStudioVersion = 17.11.35312.102
MinimumVisualStudioVersion = 10.0.40219.1
Project("{FAE04EC0-301F-11D3-BF4B-00C04F79EFBC}") = "Topicos", "Topicos\Topicos.csproj", "{065A66C8-BDEE-4602-94A9-18FF55C4D1C0}"
EndProject
Project("{FAE04EC0-301F-11D3-BF4B-00C04F79EFBC}") = "Practica3con", "Practica3con\Practica3con.csproj", "{0E7EB2B6-E8AB-4DE4-B0F9-04BE0D817412}"
EndProject
Project("{FAE04EC0-301F-11D3-BF4B-00C04F79EFBC}") = "Concurrencia280225222", "Concurrencia280225222\Concurrencia280225222.csproj", "{8A01CCFC-F8E7-4B80-8625-85F50ADABAF3}"
EndProject
Project("{FAE04EC0-301F-11D3-BF4B-00C04F79EFBC}") = "Practica3Form", "Practica3Form\Practica3Form.csproj", "{0A8FACA5-DCB0-4CE3-957B-0893356A7538}"
EndProject
Project("{9A19103F-16F7-4668-BE54-9A1E7A4F7556}") = "Practica 4", "Practica 4\Practica 4.csproj", "{276CC3F6-4FD0-4117-8FFD-A08308ED5B28}"
EndProject
Project("{FAE04EC0-301F-11D3-BF4B-00C04F79EFBC}") = "Base de datos T", "Base de datos T\Base de datos T.csproj", "{55BE9A9C-3024-4B63-8A71-B33FAB6AFF3D}"
EndProject
Project("{FAE04EC0-301F-11D3-BF4B-00C04F79EFBC}") = "AccesoBaseDatos1", "AccesoBaseDatos1\AccesoBaseDatos1.csproj", "{AB537FDF-C091-469A-8A01-8E1968B3CC24}"
EndProject
Project("{FAE04EC0-301F-11D3-BF4B-00C04F79EFBC}") = "LoginFlow", "LoginFlowBien\LoginFlow\LoginFlow.csproj", "{D9D71943-767E-AD30-509D-72E1FC31729B}"
EndProject
Project("{FAE04EC0-301F-11D3-BF4B-00C04F79EFBC}") = "Practica 1 Top", "Practica 1 Top\Practica 1 Top.csproj", "{3DD9D2F0-B701-4426-B867-7D603A1D5C05}"
EndProject
Project("{FAE04EC0-301F-11D3-BF4B-00C04F79EFBC}") = "Interfaz dinamica galeria", "Interfaz dinamica galeria\Interfaz dinamica galeria.csproj", "{5AE8A437-35AE-4D52-820E-49F307FAEFCA}"
EndProject
Global
	GlobalSection(SolutionConfigurationPlatforms) = preSolution
		Debug|Any CPU = Debug|Any CPU
		Release|Any CPU = Release|Any CPU
	EndGlobalSection
	GlobalSection(ProjectConfigurationPlatforms) = postSolution
		{065A66C8-BDEE-4602-94A9-18FF55C4D1C0}.Debug|Any CPU.ActiveCfg = Debug|Any CPU
		{065A66C8-BDEE-4602-94A9-18FF55C4D1C0}.Debug|Any CPU.Build.0 = Debug|Any CPU
		{065A66C8-BDEE-4602-94A9-18FF55C4D1C0}.Release|Any CPU.ActiveCfg = Release|Any CPU
		{065A66C8-BDEE-4602-94A9-18FF55C4D1C0}.Release|Any CPU.Build.0 = Release|Any CPU
		{0E7EB2B6-E8AB-4DE4-B0F9-04BE0D817412}.Debug|Any CPU.ActiveCfg = Debug|Any CPU
		{0E7EB2B6-E8AB-4DE4-B0F9-04BE0D817412}.Debug|Any CPU.Build.0 = Debug|Any CPU
		{0E7EB2B6-E8AB-4DE4-B0F9-04BE0D817412}.Release|Any CPU.ActiveCfg = Release|Any CPU
		{0E7EB2B6-E8AB-4DE4-B0F9-04BE0D817412}.Release|Any CPU.Build.0 = Release|Any CPU
		{8A01CCFC-F8E7-4B80-8625-85F50ADABAF3}.Debug|Any CPU.ActiveCfg = Debug|Any CPU
		{8A01CCFC-F8E7-4B80-8625-85F50ADABAF3}.Debug|Any CPU.Build.0 = Debug|Any CPU
		{8A01CCFC-F8E7-4B80-8625-85F50ADABAF3}.Release|Any CPU.ActiveCfg = Release|Any CPU
		{8A01CCFC-F8E7-4B80-8625-85F50ADABAF3}.Release|Any CPU.Build.0 = Release|Any CPU
		{0A8FACA5-DCB0-4CE3-957B-0893356A7538}.Debug|Any CPU.ActiveCfg = Debug|Any CPU
		{0A8FACA5-DCB0-4CE3-957B-0893356A7538}.Debug|Any CPU.Build.0 = Debug|Any CPU
		{0A8FACA5-DCB0-4CE3-957B-0893356A7538}.Release|Any CPU.ActiveCfg = Release|Any CPU
		{0A8FACA5-DCB0-4CE3-957B-0893356A7538}.Release|Any CPU.Build.0 = Release|Any CPU
		{276CC3F6-4FD0-4117-8FFD-A08308ED5B28}.Debug|Any CPU.ActiveCfg = Debug|Any CPU
		{276CC3F6-4FD0-4117-8FFD-A08308ED5B28}.Debug|Any CPU.Build.0 = Debug|Any CPU
		{276CC3F6-4FD0-4117-8FFD-A08308ED5B28}.Release|Any CPU.ActiveCfg = Release|Any CPU
		{276CC3F6-4FD0-4117-8FFD-A08308ED5B28}.Release|Any CPU.Build.0 = Release|Any CPU
		{55BE9A9C-3024-4B63-8A71-B33FAB6AFF3D}.Debug|Any CPU.ActiveCfg = Debug|Any CPU
		{55BE9A9C-3024-4B63-8A71-B33FAB6AFF3D}.Debug|Any CPU.Build.0 = Debug|Any CPU
		{55BE9A9C-3024-4B63-8A71-B33FAB6AFF3D}.Release|Any CPU.ActiveCfg = Release|Any CPU
		{55BE9A9C-3024-4B63-8A71-B33FAB6AFF3D}.Release|Any CPU.Build.0 = Release|Any CPU
		{AB537FDF-C091-469A-8A01-8E1968B3CC24}.Debug|Any CPU.ActiveCfg = Debug|Any CPU
		{AB537FDF-C091-469A-8A01-8E1968B3CC24}.Debug|Any CPU.Build.0 = Debug|Any CPU
		{AB537FDF-C091-469A-8A01-8E1968B3CC24}.Release|Any CPU.ActiveCfg = Release|Any CPU
		{AB537FDF-C091-469A-8A01-8E1968B3CC24}.Release|Any CPU.Build.0 = Release|Any CPU
		{D9D71943-767E-AD30-509D-72E1FC31729B}.Debug|Any CPU.ActiveCfg = Debug|Any CPU
		{D9D71943-767E-AD30-509D-72E1FC31729B}.Debug|Any CPU.Build.0 = Debug|Any CPU
		{D9D71943-767E-AD30-509D-72E1FC31729B}.Debug|Any CPU.Deploy.0 = Debug|Any CPU
		{D9D71943-767E-AD30-509D-72E1FC31729B}.Release|Any CPU.ActiveCfg = Release|Any CPU
		{D9D71943-767E-AD30-509D-72E1FC31729B}.Release|Any CPU.Build.0 = Release|Any CPU
		{D9D71943-767E-AD30-509D-72E1FC31729B}.Release|Any CPU.Deploy.0 = Release|Any CPU
		{3DD9D2F0-B701-4426-B867-7D603A1D5C05}.Debug|Any CPU.ActiveCfg = Debug|Any CPU
		{3DD9D2F0-B701-4426-B867-7D603A1D5C05}.Debug|Any CPU.Build.0 = Debug|Any CPU
		{3DD9D2F0-B701-4426-B867-7D603A1D5C05}.Release|Any CPU.ActiveCfg = Release|Any CPU
		{3DD9D2F0-B701-4426-B867-7D603A1D5C05}.Release|Any CPU.Build.0 = Release|Any CPU
		{5AE8A437-35AE-4D52-820E-49F307FAEFCA}.Debug|Any CPU.ActiveCfg = Debug|Any CPU
		{5AE8A437-35AE-4D52-820E-49F307FAEFCA}.Debug|Any CPU.Build.0 = Debug|Any CPU
		{5AE8A437-35AE-4D52-820E-49F307FAEFCA}.Release|Any CPU.ActiveCfg = Release|Any CPU
		{5AE8A437-35AE-4D52-820E-49F307FAEFCA}.Release|Any CPU.Build.0 = Release|Any CPU
	EndGlobalSection
	GlobalSection(SolutionProperties) = preSolution
		HideSolutionNode = FALSE
	EndGlobalSection
	GlobalSection(ExtensibilityGlobals) = postSolution
		SolutionGuid = {A89912F0-7946-449C-BBD8-FFAE4CA0C2AA}
	EndGlobalSection
EndGlobal
